
Microsoft Visual Studio Solution File, Format Version 12.00
# Visual Studio Version 17
VisualStudioVersion = 17.11.35208.52
MinimumVisualStudioVersion = 10.0.40219.1
Project("{FAE04EC0-301F-11D3-BF4B-00C04F79EFBC}") = "Calc", "Calc.csproj", "{A942078F-9C8B-43C4-9534-2C5AC783FDA2}"
EndProject
Global
	GlobalSection(SolutionConfigurationPlatforms) = preSolution
		Debug|Any CPU = Debug|Any CPU
		Release|Any CPU = Release|Any CPU
	EndGlobalSection
	GlobalSection(ProjectConfigurationPlatforms) = postSolution
		{A942078F-9C8B-43C4-9534-2C5AC783FDA2}.Debug|Any CPU.ActiveCfg = Debug|Any CPU
		{A942078F-9C8B-43C4-9534-2C5AC783FDA2}.Debug|Any CPU.Build.0 = Debug|Any CPU
		{A942078F-9C8B-43C4-9534-2C5AC783FDA2}.Release|Any CPU.ActiveCfg = Release|Any CPU
		{A942078F-9C8B-43C4-9534-2C5AC783FDA2}.Release|Any CPU.Build.0 = Release|Any CPU
	EndGlobalSection
	GlobalSection(SolutionProperties) = preSolution
		HideSolutionNode = FALSE
	EndGlobalSection
	GlobalSection(ExtensibilityGlobals) = postSolution
		SolutionGuid = {5DBA7985-1CF8-4D13-B6FA-D896675E1059}
	EndGlobalSection
EndGlobal
