
Microsoft Visual Studio Solution File, Format Version 12.00
# Visual Studio Version 17
VisualStudioVersion = 17.11.35312.102
MinimumVisualStudioVersion = 10.0.40219.1
Project("{9A19103F-16F7-4668-BE54-9A1E7A4F7556}") = "EventMethods", "EventMethods.csproj", "{10E50E4C-F439-474A-99A0-D6B47BA7AEBA}"
EndProject
Project("{FAE04EC0-301F-11D3-BF4B-00C04F79EFBC}") = "EventMethodUnitTests", "..\EventMethodUnitTests\EventMethodUnitTests.csproj", "{CE28C233-8778-48B6-9C00-5CDCB63D5642}"
EndProject
Global
	GlobalSection(SolutionConfigurationPlatforms) = preSolution
		Debug|Any CPU = Debug|Any CPU
		Release|Any CPU = Release|Any CPU
	EndGlobalSection
	GlobalSection(ProjectConfigurationPlatforms) = postSolution
		{10E50E4C-F439-474A-99A0-D6B47BA7AEBA}.Debug|Any CPU.ActiveCfg = Debug|Any CPU
		{10E50E4C-F439-474A-99A0-D6B47BA7AEBA}.Debug|Any CPU.Build.0 = Debug|Any CPU
		{10E50E4C-F439-474A-99A0-D6B47BA7AEBA}.Release|Any CPU.ActiveCfg = Release|Any CPU
		{10E50E4C-F439-474A-99A0-D6B47BA7AEBA}.Release|Any CPU.Build.0 = Release|Any CPU
		{CE28C233-8778-48B6-9C00-5CDCB63D5642}.Debug|Any CPU.ActiveCfg = Debug|Any CPU
		{CE28C233-8778-48B6-9C00-5CDCB63D5642}.Debug|Any CPU.Build.0 = Debug|Any CPU
		{CE28C233-8778-48B6-9C00-5CDCB63D5642}.Release|Any CPU.ActiveCfg = Release|Any CPU
		{CE28C233-8778-48B6-9C00-5CDCB63D5642}.Release|Any CPU.Build.0 = Release|Any CPU
	EndGlobalSection
	GlobalSection(SolutionProperties) = preSolution
		HideSolutionNode = FALSE
	EndGlobalSection
	GlobalSection(ExtensibilityGlobals) = postSolution
		SolutionGuid = {0D8D5BF7-CBB4-4C68-ABCD-69334FB17FC0}
	EndGlobalSection
EndGlobal
