
Microsoft Visual Studio Solution File, Format Version 12.00
# Visual Studio Version 17
VisualStudioVersion = 17.11.35222.181
MinimumVisualStudioVersion = 10.0.40219.1
Project("{FAE04EC0-301F-11D3-BF4B-00C04F79EFBC}") = "Bank", "Bank.csproj", "{7AE2D988-DD85-4200-A665-7F78A8B48FF2}"
EndProject
Project("{FAE04EC0-301F-11D3-BF4B-00C04F79EFBC}") = "BankTest", "..\BankTest\BankTest.csproj", "{C8FB9FAE-E6CB-4791-8CD7-2E4007A50299}"
EndProject
Global
	GlobalSection(SolutionConfigurationPlatforms) = preSolution
		Debug|Any CPU = Debug|Any CPU
		Release|Any CPU = Release|Any CPU
	EndGlobalSection
	GlobalSection(ProjectConfigurationPlatforms) = postSolution
		{7AE2D988-DD85-4200-A665-7F78A8B48FF2}.Debug|Any CPU.ActiveCfg = Debug|Any CPU
		{7AE2D988-DD85-4200-A665-7F78A8B48FF2}.Debug|Any CPU.Build.0 = Debug|Any CPU
		{7AE2D988-DD85-4200-A665-7F78A8B48FF2}.Release|Any CPU.ActiveCfg = Release|Any CPU
		{7AE2D988-DD85-4200-A665-7F78A8B48FF2}.Release|Any CPU.Build.0 = Release|Any CPU
		{C8FB9FAE-E6CB-4791-8CD7-2E4007A50299}.Debug|Any CPU.ActiveCfg = Debug|Any CPU
		{C8FB9FAE-E6CB-4791-8CD7-2E4007A50299}.Debug|Any CPU.Build.0 = Debug|Any CPU
		{C8FB9FAE-E6CB-4791-8CD7-2E4007A50299}.Release|Any CPU.ActiveCfg = Release|Any CPU
		{C8FB9FAE-E6CB-4791-8CD7-2E4007A50299}.Release|Any CPU.Build.0 = Release|Any CPU
	EndGlobalSection
	GlobalSection(SolutionProperties) = preSolution
		HideSolutionNode = FALSE
	EndGlobalSection
	GlobalSection(ExtensibilityGlobals) = postSolution
		SolutionGuid = {84273D81-6DF7-4379-8CF9-BCE14A6E799C}
	EndGlobalSection
EndGlobal
